<?xml version="1.0" encoding="UTF-8" standalone="yes" ?>
<CodeBlocks_project_file>
	<FileVersion major="1" minor="6" />
	<Project>
		<Option title="SQLite_Test" />
		<Option pch_mode="2" />
		<Option compiler="gcc" />
		<Build>
			<Target title="Debug">
				<Option output="bin/Debug/SQLite_Test" prefix_auto="1" extension_auto="1" />
				<Option object_output="obj/Debug/" />
				<Option type="1" />
				<Option compiler="gcc" />
				<Compiler>
					<Add option="-g" />
				</Compiler>
			</Target>
			<Target title="Release">
				<Option output="bin/Release/SQLite_Test" prefix_auto="1" extension_auto="1" />
				<Option object_output="obj/Release/" />
				<Option type="1" />
				<Option compiler="gcc" />
				<Compiler>
					<Add option="-O2" />
				</Compiler>
				<Linker>
					<Add option="-s" />
				</Linker>
			</Target>
		</Build>
		<Compiler>
			<Add option="-std=c17" />
			<Add option="`pkg-config --cflags gtkmm-4.0`" />
			<Add option="`pkg-config --cflags gtkmm-plplot-3.0`" />
			<Add option="`pkg-config --cflags plplot-c++`" />
			<Add option="`pkg-config --cflags sqlitecpp`" />
		</Compiler>
		<Linker>
			<Add option="`pkg-config --cflags --libs gtkmm-4.0`" />
			<Add option="`pkg-config --cflags --libs gtkmm-plplot-3.0`" />
			<Add option="`pkg-config --cflags --libs plplot-c++`" />
			<Add option="`pkg-config --cflags --libs sqlitecpp`" />
			<Add library="sqlite3" />
		</Linker>
		<Unit filename="DB/DB.hpp" />
		<Unit filename="DataBaseSource.cpp" />
		<Unit filename="DataBaseSource.hpp" />
		<Unit filename="DataSource.hpp" />
		<Unit filename="DataSourcesRoot.hpp" />
		<Unit filename="GUI/MainWindow.cpp" />
		<Unit filename="GUI/MainWindow.hpp" />
		<Unit filename="GUI/PlotWindow.cpp" />
		<Unit filename="GUI/PlotWindow.hpp" />
		<Unit filename="TestDBDataSource.hpp" />
		<Unit filename="TestDataSource.hpp" />
		<Unit filename="main.cpp" />
		<Extensions />
	</Project>
</CodeBlocks_project_file>
